
Microsoft Visual Studio Solution File, Format Version 12.00
# Visual Studio Version 17
VisualStudioVersion = 17.5.33530.505
MinimumVisualStudioVersion = 10.0.40219.1
Project("{FAE04EC0-301F-11D3-BF4B-00C04F79EFBC}") = "MZ Jewellers", "MZ Jewellers\MZ Jewellers.csproj", "{D254CDB2-B0B8-496B-995E-A79D3F889171}"
EndProject
Global
	GlobalSection(SolutionConfigurationPlatforms) = preSolution
		Debug|Any CPU = Debug|Any CPU
		Release|Any CPU = Release|Any CPU
	EndGlobalSection
	GlobalSection(ProjectConfigurationPlatforms) = postSolution
		{D254CDB2-B0B8-496B-995E-A79D3F889171}.Debug|Any CPU.ActiveCfg = Debug|Any CPU
		{D254CDB2-B0B8-496B-995E-A79D3F889171}.Debug|Any CPU.Build.0 = Debug|Any CPU
		{D254CDB2-B0B8-496B-995E-A79D3F889171}.Release|Any CPU.ActiveCfg = Release|Any CPU
		{D254CDB2-B0B8-496B-995E-A79D3F889171}.Release|Any CPU.Build.0 = Release|Any CPU
	EndGlobalSection
	GlobalSection(SolutionProperties) = preSolution
		HideSolutionNode = FALSE
	EndGlobalSection
	GlobalSection(ExtensibilityGlobals) = postSolution
		SolutionGuid = {A8A96247-1F16-4869-ABA3-73300D9F2C95}
	EndGlobalSection
EndGlobal
